// !$*UTF8*$!
{
	archiveVersion = 1;
	classes = {
	};
	objectVersion = 46;
	objects = {

/* Begin PBXBuildFile section */
		0ECE77948922D43970FAEF73 /* NumiAppUI in Frameworks */ = {isa = PBXBuildFile; fileRef = D3F6D265D0178FCC2FBE9BDC /* NumiAppUI.framework */; productRef = ECB043B1FD2EE7120F4B2A05 /* NumiAppUI */; };
		10657142042462AAB1C1660D /* Foundation.framework in Frameworks */ = {isa = PBXBuildFile; fileRef = 2FB30EA4458F5BBFB7925B20 /* Foundation.framework */; };
		20459BD44A701D8F58E1BA2F /* NumiCore in Frameworks */ = {isa = PBXBuildFile; fileRef = 33639780F1AAC6F06BB81ABC /* NumiCore.framework */; productRef = 5A8D28B48E10B475AE6A017F /* NumiCore */; };
		424A388CB7127D77E1EFBB38 /* Foundation.framework in Frameworks */ = {isa = PBXBuildFile; fileRef = 2FB30EA4458F5BBFB7925B20 /* Foundation.framework */; };
		8B7C241A1CD42C3789A381AB /* RootShellView.swift in Sources */ = {isa = PBXBuildFile; fileRef = EA5A503CDFE8AAECED1CCF39 /* RootShellView.swift */; };
		9A8647844B64FAC3A9E5E239 /* NumiApp.swift in Sources */ = {isa = PBXBuildFile; fileRef = 9C1BD1DD66DDA875BF0061E4 /* NumiApp.swift */; };
		9C3D11D1D9B2D6C629CACC41 /* NumiPersistence in Frameworks */ = {isa = PBXBuildFile; fileRef = CC4FE05299CAFB41AFC8EA78 /* NumiPersistence.framework */; productRef = 93EF3224426C43775381676E /* NumiPersistence */; };
		F1794AAD83D487BD439EBCAA /* NumiUITests.swift in Sources */ = {isa = PBXBuildFile; fileRef = 1BF6605E8E8D452033E4EFDB /* NumiUITests.swift */; };
/* End PBXBuildFile section */

/* Begin PBXContainerItemProxy section */
		B6E2DAB235E85D78324DA62E /* PBXContainerItemProxy */ = {
			isa = PBXContainerItemProxy;
			containerPortal = 8F1FEFDF484F0423494FC7AF /* Project object */;
			proxyType = 1;
			remoteGlobalIDString = 5CBC1D410E627554DAF40F65;
			remoteInfo = Numi;
		};
/* End PBXContainerItemProxy section */

/* Begin PBXFileReference section */
		1BF6605E8E8D452033E4EFDB /* NumiUITests.swift */ = {isa = PBXFileReference; includeInIndex = 1; lastKnownFileType = sourcecode.swift; name = NumiUITests.swift; path = App/NumiUITests/NumiUITests.swift; sourceTree = "<group>"; };
		2FB30EA4458F5BBFB7925B20 /* Foundation.framework */ = {isa = PBXFileReference; lastKnownFileType = wrapper.framework; name = Foundation.framework; path = Platforms/iPhoneOS.platform/Developer/SDKs/iPhoneOS14.0.sdk/System/Library/Frameworks/Foundation.framework; sourceTree = DEVELOPER_DIR; };
		33639780F1AAC6F06BB81ABC /* NumiCore.framework */ = {isa = PBXFileReference; explicitFileType = wrapper.framework; includeInIndex = 0; path = NumiCore.framework; sourceTree = BUILT_PRODUCTS_DIR; };
		35945D02E26390D5CF57BB67 /* NumiUITests.xctest */ = {isa = PBXFileReference; explicitFileType = wrapper.cfbundle; includeInIndex = 0; path = NumiUITests.xctest; sourceTree = BUILT_PRODUCTS_DIR; };
		66F54B0A78296D99D6B8A695 /* Numi.app */ = {isa = PBXFileReference; explicitFileType = wrapper.application; includeInIndex = 0; path = Numi.app; sourceTree = BUILT_PRODUCTS_DIR; };
		99A817964B871775C122D06D /* Info.plist */ = {isa = PBXFileReference; includeInIndex = 1; lastKnownFileType = text.plist.xml; name = Info.plist; path = App/NumiApp/Info.plist; sourceTree = "<group>"; };
		9C1BD1DD66DDA875BF0061E4 /* NumiApp.swift */ = {isa = PBXFileReference; includeInIndex = 1; lastKnownFileType = sourcecode.swift; name = NumiApp.swift; path = App/NumiApp/NumiApp.swift; sourceTree = "<group>"; };
		CC4FE05299CAFB41AFC8EA78 /* NumiPersistence.framework */ = {isa = PBXFileReference; explicitFileType = wrapper.framework; includeInIndex = 0; path = NumiPersistence.framework; sourceTree = BUILT_PRODUCTS_DIR; };
		D3F6D265D0178FCC2FBE9BDC /* NumiAppUI.framework */ = {isa = PBXFileReference; explicitFileType = wrapper.framework; includeInIndex = 0; path = NumiAppUI.framework; sourceTree = BUILT_PRODUCTS_DIR; };
		EA5A503CDFE8AAECED1CCF39 /* RootShellView.swift */ = {isa = PBXFileReference; includeInIndex = 1; lastKnownFileType = sourcecode.swift; name = RootShellView.swift; path = App/NumiApp/RootShellView.swift; sourceTree = "<group>"; };
/* End PBXFileReference section */

/* Begin PBXFrameworksBuildPhase section */
		ADBEFD734EB8C2978CA60BEC /* Frameworks */ = {
			isa = PBXFrameworksBuildPhase;
			buildActionMask = 2147483647;
			files = (
				424A388CB7127D77E1EFBB38 /* Foundation.framework in Frameworks */,
				20459BD44A701D8F58E1BA2F /* NumiCore in Frameworks */,
				9C3D11D1D9B2D6C629CACC41 /* NumiPersistence in Frameworks */,
				0ECE77948922D43970FAEF73 /* NumiAppUI in Frameworks */,
			);
			runOnlyForDeploymentPostprocessing = 0;
		};
		C0B4FC0FDB4B83BDDA58E506 /* Frameworks */ = {
			isa = PBXFrameworksBuildPhase;
			buildActionMask = 2147483647;
			files = (
				10657142042462AAB1C1660D /* Foundation.framework in Frameworks */,
			);
			runOnlyForDeploymentPostprocessing = 0;
		};
/* End PBXFrameworksBuildPhase section */

/* Begin PBXGroup section */
		202C02995DDDA56AB26E2324 = {
			isa = PBXGroup;
			children = (
				50D58E44BBA6295447B32EB4 /* Products */,
				BC30D11892D494077CF4D6C7 /* Frameworks */,
				2D10902A2FAA606DDA5E9688 /* App */,
			);
			sourceTree = "<group>";
		};
		207C8A2E5FB1FBBC000599C2 /* NumiApp */ = {
			isa = PBXGroup;
			children = (
				9C1BD1DD66DDA875BF0061E4 /* NumiApp.swift */,
				EA5A503CDFE8AAECED1CCF39 /* RootShellView.swift */,
				99A817964B871775C122D06D /* Info.plist */,
			);
			name = NumiApp;
			sourceTree = "<group>";
		};
		2D10902A2FAA606DDA5E9688 /* App */ = {
			isa = PBXGroup;
			children = (
				207C8A2E5FB1FBBC000599C2 /* NumiApp */,
				7CE4B9D55FAD474DF801EAC7 /* NumiUITests */,
			);
			name = App;
			sourceTree = "<group>";
		};
		50D58E44BBA6295447B32EB4 /* Products */ = {
			isa = PBXGroup;
			children = (
				66F54B0A78296D99D6B8A695 /* Numi.app */,
				35945D02E26390D5CF57BB67 /* NumiUITests.xctest */,
			);
			name = Products;
			sourceTree = "<group>";
		};
		7CE4B9D55FAD474DF801EAC7 /* NumiUITests */ = {
			isa = PBXGroup;
			children = (
				1BF6605E8E8D452033E4EFDB /* NumiUITests.swift */,
			);
			name = NumiUITests;
			sourceTree = "<group>";
		};
		BC30D11892D494077CF4D6C7 /* Frameworks */ = {
			isa = PBXGroup;
			children = (
				C812E7F82B720475EC0993CD /* iOS */,
				33639780F1AAC6F06BB81ABC /* NumiCore.framework */,
				CC4FE05299CAFB41AFC8EA78 /* NumiPersistence.framework */,
				D3F6D265D0178FCC2FBE9BDC /* NumiAppUI.framework */,
			);
			name = Frameworks;
			sourceTree = "<group>";
		};
		C812E7F82B720475EC0993CD /* iOS */ = {
			isa = PBXGroup;
			children = (
				2FB30EA4458F5BBFB7925B20 /* Foundation.framework */,
			);
			name = iOS;
			sourceTree = "<group>";
		};
/* End PBXGroup section */

/* Begin PBXNativeTarget section */
		0EA90FB8C4F88B677E4FC92D /* NumiUITests */ = {
			isa = PBXNativeTarget;
			buildConfigurationList = 9D2F68161C8B439B611E8202 /* Build configuration list for PBXNativeTarget "NumiUITests" */;
			buildPhases = (
				87FD49505C4B5332DD171450 /* Sources */,
				C0B4FC0FDB4B83BDDA58E506 /* Frameworks */,
				A7944E07BE58AD8FC09E9E42 /* Resources */,
			);
			buildRules = (
			);
			dependencies = (
				5318A4C244A6268B216076C8 /* PBXTargetDependency */,
			);
			name = NumiUITests;
			productName = NumiUITests;
			productReference = 35945D02E26390D5CF57BB67 /* NumiUITests.xctest */;
			productType = "com.apple.product-type.bundle.ui-testing";
		};
		5CBC1D410E627554DAF40F65 /* Numi */ = {
			isa = PBXNativeTarget;
			buildConfigurationList = 288C28FAAA6CEC45AEAE869B /* Build configuration list for PBXNativeTarget "Numi" */;
			buildPhases = (
				2570361C626CB5A485F8AFDF /* Sources */,
				ADBEFD734EB8C2978CA60BEC /* Frameworks */,
				E2A7EEBB9173BEAD9A042639 /* Resources */,
			);
			buildRules = (
			);
			dependencies = (
			);
			name = Numi;
			packageProductDependencies = (
				5A8D28B48E10B475AE6A017F /* NumiCore */,
				93EF3224426C43775381676E /* NumiPersistence */,
				ECB043B1FD2EE7120F4B2A05 /* NumiAppUI */,
			);
			productName = Numi;
			productReference = 66F54B0A78296D99D6B8A695 /* Numi.app */;
			productType = "com.apple.product-type.application";
		};
/* End PBXNativeTarget section */

/* Begin PBXProject section */
		8F1FEFDF484F0423494FC7AF /* Project object */ = {
			isa = PBXProject;
			attributes = {
				LastSwiftUpdateCheck = 1500;
				LastUpgradeCheck = 1500;
			};
			buildConfigurationList = F3B4407890B8A76434028393 /* Build configuration list for PBXProject "Numi" */;
			compatibilityVersion = "Xcode 3.2";
			developmentRegion = en;
			hasScannedForEncodings = 0;
			knownRegions = (
				en,
				Base,
			);
			mainGroup = 202C02995DDDA56AB26E2324;
			packageReferences = (
				258D760B7160A97A762F1A27 /* XCLocalSwiftPackageReference "." */,
			);
			productRefGroup = 50D58E44BBA6295447B32EB4 /* Products */;
			projectDirPath = "";
			projectRoot = "";
			targets = (
				5CBC1D410E627554DAF40F65 /* Numi */,
				0EA90FB8C4F88B677E4FC92D /* NumiUITests */,
			);
		};
/* End PBXProject section */

/* Begin PBXResourcesBuildPhase section */
		A7944E07BE58AD8FC09E9E42 /* Resources */ = {
			isa = PBXResourcesBuildPhase;
			buildActionMask = 2147483647;
			files = (
			);
			runOnlyForDeploymentPostprocessing = 0;
		};
		E2A7EEBB9173BEAD9A042639 /* Resources */ = {
			isa = PBXResourcesBuildPhase;
			buildActionMask = 2147483647;
			files = (
			);
			runOnlyForDeploymentPostprocessing = 0;
		};
/* End PBXResourcesBuildPhase section */

/* Begin PBXSourcesBuildPhase section */
		2570361C626CB5A485F8AFDF /* Sources */ = {
			isa = PBXSourcesBuildPhase;
			buildActionMask = 2147483647;
			files = (
				9A8647844B64FAC3A9E5E239 /* NumiApp.swift in Sources */,
				8B7C241A1CD42C3789A381AB /* RootShellView.swift in Sources */,
			);
			runOnlyForDeploymentPostprocessing = 0;
		};
		87FD49505C4B5332DD171450 /* Sources */ = {
			isa = PBXSourcesBuildPhase;
			buildActionMask = 2147483647;
			files = (
				F1794AAD83D487BD439EBCAA /* NumiUITests.swift in Sources */,
			);
			runOnlyForDeploymentPostprocessing = 0;
		};
/* End PBXSourcesBuildPhase section */

/* Begin PBXTargetDependency section */
		5318A4C244A6268B216076C8 /* PBXTargetDependency */ = {
			isa = PBXTargetDependency;
			name = Numi;
			target = 5CBC1D410E627554DAF40F65 /* Numi */;
			targetProxy = B6E2DAB235E85D78324DA62E /* PBXContainerItemProxy */;
		};
/* End PBXTargetDependency section */

/* Begin XCBuildConfiguration section */
		31A6F7746476F9002E06CDE8 /* Release */ = {
			isa = XCBuildConfiguration;
			buildSettings = {
				CLANG_ENABLE_OBJC_WEAK = NO;
				GENERATE_INFOPLIST_FILE = YES;
				IPHONEOS_DEPLOYMENT_TARGET = 17.0;
				PRODUCT_BUNDLE_IDENTIFIER = com.local.NumiUITests;
				SDKROOT = iphoneos;
				TEST_TARGET_NAME = Numi;
				VALIDATE_PRODUCT = YES;
			};
			name = Release;
		};
		5AFBB736993DEA5BF1F67B91 /* Release */ = {
			isa = XCBuildConfiguration;
			buildSettings = {
				ASSETCATALOG_COMPILER_APPICON_NAME = "";
				ASSETCATALOG_COMPILER_GLOBAL_ACCENT_COLOR_NAME = AccentColor;
				CLANG_ENABLE_OBJC_WEAK = NO;
				CURRENT_PROJECT_VERSION = 1;
				GENERATE_INFOPLIST_FILE = NO;
				INFOPLIST_FILE = App/NumiApp/Info.plist;
				IPHONEOS_DEPLOYMENT_TARGET = 17.0;
				LD_RUNPATH_SEARCH_PATHS = "$(inherited) @executable_path/Frameworks";
				MARKETING_VERSION = 1.0;
				PRODUCT_BUNDLE_IDENTIFIER = com.local.Numi;
				SDKROOT = iphoneos;
				TARGETED_DEVICE_FAMILY = "1,2";
				VALIDATE_PRODUCT = YES;
			};
			name = Release;
		};
		AB47BDEC073B1140800B3D37 /* Debug */ = {
			isa = XCBuildConfiguration;
			buildSettings = {
				ALWAYS_SEARCH_USER_PATHS = NO;
				CLANG_ANALYZER_NONNULL = YES;
				CLANG_ANALYZER_NUMBER_OBJECT_CONVERSION = YES_AGGRESSIVE;
				CLANG_CXX_LANGUAGE_STANDARD = "gnu++14";
				CLANG_CXX_LIBRARY = "libc++";
				CLANG_ENABLE_MODULES = YES;
				CLANG_ENABLE_OBJC_ARC = YES;
				CLANG_ENABLE_OBJC_WEAK = YES;
				CLANG_WARN_BLOCK_CAPTURE_AUTORELEASING = YES;
				CLANG_WARN_BOOL_CONVERSION = YES;
				CLANG_WARN_COMMA = YES;
				CLANG_WARN_CONSTANT_CONVERSION = YES;
				CLANG_WARN_DEPRECATED_OBJC_IMPLEMENTATIONS = YES;
				CLANG_WARN_DIRECT_OBJC_ISA_USAGE = YES_ERROR;
				CLANG_WARN_DOCUMENTATION_COMMENTS = YES;
				CLANG_WARN_EMPTY_BODY = YES;
				CLANG_WARN_ENUM_CONVERSION = YES;
				CLANG_WARN_INFINITE_RECURSION = YES;
				CLANG_WARN_INT_CONVERSION = YES;
				CLANG_WARN_NON_LITERAL_NULL_CONVERSION = YES;
				CLANG_WARN_OBJC_IMPLICIT_RETAIN_SELF = YES;
				CLANG_WARN_OBJC_LITERAL_CONVERSION = YES;
				CLANG_WARN_OBJC_ROOT_CLASS = YES_ERROR;
				CLANG_WARN_QUOTED_INCLUDE_IN_FRAMEWORK_HEADER = YES;
				CLANG_WARN_RANGE_LOOP_ANALYSIS = YES;
				CLANG_WARN_STRICT_PROTOTYPES = YES;
				CLANG_WARN_SUSPICIOUS_MOVE = YES;
				CLANG_WARN_UNGUARDED_AVAILABILITY = YES_AGGRESSIVE;
				CLANG_WARN_UNREACHABLE_CODE = YES;
				CLANG_WARN__DUPLICATE_METHOD_MATCH = YES;
				COPY_PHASE_STRIP = NO;
				DEBUG_INFORMATION_FORMAT = dwarf;
				DEVELOPMENT_TEAM = "";
				ENABLE_STRICT_OBJC_MSGSEND = YES;
				ENABLE_TESTABILITY = YES;
				GCC_C_LANGUAGE_STANDARD = gnu11;
				GCC_DYNAMIC_NO_PIC = NO;
				GCC_NO_COMMON_BLOCKS = YES;
				GCC_OPTIMIZATION_LEVEL = 0;
				GCC_PREPROCESSOR_DEFINITIONS = (
					"DEBUG=1",
					"$(inherited)",
				);
				GCC_WARN_64_TO_32_BIT_CONVERSION = YES;
				GCC_WARN_ABOUT_RETURN_TYPE = YES_ERROR;
				GCC_WARN_UNDECLARED_SELECTOR = YES;
				GCC_WARN_UNINITIALIZED_AUTOS = YES_AGGRESSIVE;
				GCC_WARN_UNUSED_FUNCTION = YES;
				GCC_WARN_UNUSED_VARIABLE = YES;
				IPHONEOS_DEPLOYMENT_TARGET = 17.0;
				MTL_ENABLE_DEBUG_INFO = INCLUDE_SOURCE;
				MTL_FAST_MATH = YES;
				ONLY_ACTIVE_ARCH = YES;
				PRODUCT_NAME = "$(TARGET_NAME)";
				SWIFT_ACTIVE_COMPILATION_CONDITIONS = DEBUG;
				SWIFT_OPTIMIZATION_LEVEL = "-Onone";
				SWIFT_VERSION = 5.0;
			};
			name = Debug;
		};
		CDF292FD911552899E39910B /* Debug */ = {
			isa = XCBuildConfiguration;
			buildSettings = {
				CLANG_ENABLE_OBJC_WEAK = NO;
				GENERATE_INFOPLIST_FILE = YES;
				IPHONEOS_DEPLOYMENT_TARGET = 17.0;
				PRODUCT_BUNDLE_IDENTIFIER = com.local.NumiUITests;
				SDKROOT = iphoneos;
				TEST_TARGET_NAME = Numi;
			};
			name = Debug;
		};
		CFE0A6100B8FE66737E560B3 /* Debug */ = {
			isa = XCBuildConfiguration;
			buildSettings = {
				ASSETCATALOG_COMPILER_APPICON_NAME = "";
				ASSETCATALOG_COMPILER_GLOBAL_ACCENT_COLOR_NAME = AccentColor;
				CLANG_ENABLE_OBJC_WEAK = NO;
				CURRENT_PROJECT_VERSION = 1;
				GENERATE_INFOPLIST_FILE = NO;
				INFOPLIST_FILE = App/NumiApp/Info.plist;
				IPHONEOS_DEPLOYMENT_TARGET = 17.0;
				LD_RUNPATH_SEARCH_PATHS = "$(inherited) @executable_path/Frameworks";
				MARKETING_VERSION = 1.0;
				PRODUCT_BUNDLE_IDENTIFIER = com.local.Numi;
				SDKROOT = iphoneos;
				TARGETED_DEVICE_FAMILY = "1,2";
			};
			name = Debug;
		};
		F75C7FCAD6A1EAF41D9A0A93 /* Release */ = {
			isa = XCBuildConfiguration;
			buildSettings = {
				ALWAYS_SEARCH_USER_PATHS = NO;
				CLANG_ANALYZER_NONNULL = YES;
				CLANG_ANALYZER_NUMBER_OBJECT_CONVERSION = YES_AGGRESSIVE;
				CLANG_CXX_LANGUAGE_STANDARD = "gnu++14";
				CLANG_CXX_LIBRARY = "libc++";
				CLANG_ENABLE_MODULES = YES;
				CLANG_ENABLE_OBJC_ARC = YES;
				CLANG_ENABLE_OBJC_WEAK = YES;
				CLANG_WARN_BLOCK_CAPTURE_AUTORELEASING = YES;
				CLANG_WARN_BOOL_CONVERSION = YES;
				CLANG_WARN_COMMA = YES;
				CLANG_WARN_CONSTANT_CONVERSION = YES;
				CLANG_WARN_DEPRECATED_OBJC_IMPLEMENTATIONS = YES;
				CLANG_WARN_DIRECT_OBJC_ISA_USAGE = YES_ERROR;
				CLANG_WARN_DOCUMENTATION_COMMENTS = YES;
				CLANG_WARN_EMPTY_BODY = YES;
				CLANG_WARN_ENUM_CONVERSION = YES;
				CLANG_WARN_INFINITE_RECURSION = YES;
				CLANG_WARN_INT_CONVERSION = YES;
				CLANG_WARN_NON_LITERAL_NULL_CONVERSION = YES;
				CLANG_WARN_OBJC_IMPLICIT_RETAIN_SELF = YES;
				CLANG_WARN_OBJC_LITERAL_CONVERSION = YES;
				CLANG_WARN_OBJC_ROOT_CLASS = YES_ERROR;
				CLANG_WARN_QUOTED_INCLUDE_IN_FRAMEWORK_HEADER = YES;
				CLANG_WARN_RANGE_LOOP_ANALYSIS = YES;
				CLANG_WARN_STRICT_PROTOTYPES = YES;
				CLANG_WARN_SUSPICIOUS_MOVE = YES;
				CLANG_WARN_UNGUARDED_AVAILABILITY = YES_AGGRESSIVE;
				CLANG_WARN_UNREACHABLE_CODE = YES;
				CLANG_WARN__DUPLICATE_METHOD_MATCH = YES;
				COPY_PHASE_STRIP = NO;
				DEBUG_INFORMATION_FORMAT = "dwarf-with-dsym";
				DEVELOPMENT_TEAM = "";
				ENABLE_NS_ASSERTIONS = NO;
				ENABLE_STRICT_OBJC_MSGSEND = YES;
				GCC_C_LANGUAGE_STANDARD = gnu11;
				GCC_NO_COMMON_BLOCKS = YES;
				GCC_WARN_64_TO_32_BIT_CONVERSION = YES;
				GCC_WARN_ABOUT_RETURN_TYPE = YES_ERROR;
				GCC_WARN_UNDECLARED_SELECTOR = YES;
				GCC_WARN_UNINITIALIZED_AUTOS = YES_AGGRESSIVE;
				GCC_WARN_UNUSED_FUNCTION = YES;
				GCC_WARN_UNUSED_VARIABLE = YES;
				IPHONEOS_DEPLOYMENT_TARGET = 17.0;
				MTL_ENABLE_DEBUG_INFO = NO;
				MTL_FAST_MATH = YES;
				PRODUCT_NAME = "$(TARGET_NAME)";
				SWIFT_COMPILATION_MODE = wholemodule;
				SWIFT_OPTIMIZATION_LEVEL = "-O";
				SWIFT_VERSION = 5.0;
			};
			name = Release;
		};
/* End XCBuildConfiguration section */

/* Begin XCConfigurationList section */
		288C28FAAA6CEC45AEAE869B /* Build configuration list for PBXNativeTarget "Numi" */ = {
			isa = XCConfigurationList;
			buildConfigurations = (
				5AFBB736993DEA5BF1F67B91 /* Release */,
				CFE0A6100B8FE66737E560B3 /* Debug */,
			);
			defaultConfigurationIsVisible = 0;
			defaultConfigurationName = Release;
		};
		9D2F68161C8B439B611E8202 /* Build configuration list for PBXNativeTarget "NumiUITests" */ = {
			isa = XCConfigurationList;
			buildConfigurations = (
				31A6F7746476F9002E06CDE8 /* Release */,
				CDF292FD911552899E39910B /* Debug */,
			);
			defaultConfigurationIsVisible = 0;
			defaultConfigurationName = Release;
		};
		F3B4407890B8A76434028393 /* Build configuration list for PBXProject "Numi" */ = {
			isa = XCConfigurationList;
			buildConfigurations = (
				AB47BDEC073B1140800B3D37 /* Debug */,
				F75C7FCAD6A1EAF41D9A0A93 /* Release */,
			);
			defaultConfigurationIsVisible = 0;
			defaultConfigurationName = Release;
		};
/* End XCConfigurationList section */

/* Begin XCLocalSwiftPackageReference section */
		258D760B7160A97A762F1A27 /* XCLocalSwiftPackageReference "." */ = {
			isa = XCLocalSwiftPackageReference;
			relativePath = .;
		};
/* End XCLocalSwiftPackageReference section */

/* Begin XCSwiftPackageProductDependency section */
		5A8D28B48E10B475AE6A017F /* NumiCore */ = {
			isa = XCSwiftPackageProductDependency;
			package = 258D760B7160A97A762F1A27 /* XCLocalSwiftPackageReference "." */;
			productName = NumiCore;
		};
		93EF3224426C43775381676E /* NumiPersistence */ = {
			isa = XCSwiftPackageProductDependency;
			package = 258D760B7160A97A762F1A27 /* XCLocalSwiftPackageReference "." */;
			productName = NumiPersistence;
		};
		ECB043B1FD2EE7120F4B2A05 /* NumiAppUI */ = {
			isa = XCSwiftPackageProductDependency;
			package = 258D760B7160A97A762F1A27 /* XCLocalSwiftPackageReference "." */;
			productName = NumiAppUI;
		};
/* End XCSwiftPackageProductDependency section */
	};
	rootObject = 8F1FEFDF484F0423494FC7AF /* Project object */;
}
